
Microsoft Visual Studio Solution File, Format Version 12.00
# Visual Studio Version 17
VisualStudioVersion = 17.0.31903.59
MinimumVisualStudioVersion = 10.0.40219.1
Project("{FAE04EC0-301F-11D3-BF4B-00C04F79EFBC}") = "client", "client\client.csproj", "{52907AA8-29FE-43FF-B437-CDB0471429B0}"
EndProject
Project("{FAE04EC0-301F-11D3-BF4B-00C04F79EFBC}") = "server", "server\server.csproj", "{A3F8F2C6-50B1-439A-ABB6-1A77A01C6FCE}"
EndProject
Project("{FAE04EC0-301F-11D3-BF4B-00C04F79EFBC}") = "utility", "utility\utility.csproj", "{F38453B2-A92D-44BB-86D0-25A3E79CDB5A}"
EndProject
Global
	GlobalSection(SolutionConfigurationPlatforms) = preSolution
		Debug|Any CPU = Debug|Any CPU
		Release|Any CPU = Release|Any CPU
	EndGlobalSection
	GlobalSection(SolutionProperties) = preSolution
		HideSolutionNode = FALSE
	EndGlobalSection
	GlobalSection(ProjectConfigurationPlatforms) = postSolution
		{52907AA8-29FE-43FF-B437-CDB0471429B0}.Debug|Any CPU.ActiveCfg = Debug|Any CPU
		{52907AA8-29FE-43FF-B437-CDB0471429B0}.Debug|Any CPU.Build.0 = Debug|Any CPU
		{52907AA8-29FE-43FF-B437-CDB0471429B0}.Release|Any CPU.ActiveCfg = Release|Any CPU
		{52907AA8-29FE-43FF-B437-CDB0471429B0}.Release|Any CPU.Build.0 = Release|Any CPU
		{A3F8F2C6-50B1-439A-ABB6-1A77A01C6FCE}.Debug|Any CPU.ActiveCfg = Debug|Any CPU
		{A3F8F2C6-50B1-439A-ABB6-1A77A01C6FCE}.Debug|Any CPU.Build.0 = Debug|Any CPU
		{A3F8F2C6-50B1-439A-ABB6-1A77A01C6FCE}.Release|Any CPU.ActiveCfg = Release|Any CPU
		{A3F8F2C6-50B1-439A-ABB6-1A77A01C6FCE}.Release|Any CPU.Build.0 = Release|Any CPU
		{F38453B2-A92D-44BB-86D0-25A3E79CDB5A}.Debug|Any CPU.ActiveCfg = Debug|Any CPU
		{F38453B2-A92D-44BB-86D0-25A3E79CDB5A}.Debug|Any CPU.Build.0 = Debug|Any CPU
		{F38453B2-A92D-44BB-86D0-25A3E79CDB5A}.Release|Any CPU.ActiveCfg = Release|Any CPU
		{F38453B2-A92D-44BB-86D0-25A3E79CDB5A}.Release|Any CPU.Build.0 = Release|Any CPU
	EndGlobalSection
EndGlobal
